
Microsoft Visual Studio Solution File, Format Version 12.00
# Visual Studio Version 16
VisualStudioVersion = 16.0.31005.135
MinimumVisualStudioVersion = 10.0.40219.1
Project("{FAE04EC0-301F-11D3-BF4B-00C04F79EFBC}") = "NasaMarsRover", "NasaMarsRover\NasaMarsRover.csproj", "{B0970B18-EF67-47B7-8FD7-6BD8DA194DB0}"
EndProject
Project("{FAE04EC0-301F-11D3-BF4B-00C04F79EFBC}") = "NasaMarsRoverTest", "NasaMarsRoverTest\NasaMarsRoverTest.csproj", "{BA6903FE-589F-4245-BB7E-B352D4177449}"
EndProject
Global
	GlobalSection(SolutionConfigurationPlatforms) = preSolution
		Debug|Any CPU = Debug|Any CPU
		Release|Any CPU = Release|Any CPU
	EndGlobalSection
	GlobalSection(ProjectConfigurationPlatforms) = postSolution
		{B0970B18-EF67-47B7-8FD7-6BD8DA194DB0}.Debug|Any CPU.ActiveCfg = Debug|Any CPU
		{B0970B18-EF67-47B7-8FD7-6BD8DA194DB0}.Debug|Any CPU.Build.0 = Debug|Any CPU
		{B0970B18-EF67-47B7-8FD7-6BD8DA194DB0}.Release|Any CPU.ActiveCfg = Release|Any CPU
		{B0970B18-EF67-47B7-8FD7-6BD8DA194DB0}.Release|Any CPU.Build.0 = Release|Any CPU
		{BA6903FE-589F-4245-BB7E-B352D4177449}.Debug|Any CPU.ActiveCfg = Debug|Any CPU
		{BA6903FE-589F-4245-BB7E-B352D4177449}.Debug|Any CPU.Build.0 = Debug|Any CPU
		{BA6903FE-589F-4245-BB7E-B352D4177449}.Release|Any CPU.ActiveCfg = Release|Any CPU
		{BA6903FE-589F-4245-BB7E-B352D4177449}.Release|Any CPU.Build.0 = Release|Any CPU
	EndGlobalSection
	GlobalSection(SolutionProperties) = preSolution
		HideSolutionNode = FALSE
	EndGlobalSection
	GlobalSection(ExtensibilityGlobals) = postSolution
		SolutionGuid = {9112BBBF-C548-412C-BA3B-B88F3F56438F}
	EndGlobalSection
EndGlobal
